
Microsoft Visual Studio Solution File, Format Version 12.00
# Visual Studio Version 16
VisualStudioVersion = 16.0.30804.86
MinimumVisualStudioVersion = 10.0.40219.1
Project("{9A19103F-16F7-4668-BE54-9A1E7A4F7556}") = "Aphone.API", "Aphone.API\Aphone.API.csproj", "{6689CF50-C865-459E-926A-B362DD4824CB}"
EndProject
Project("{9A19103F-16F7-4668-BE54-9A1E7A4F7556}") = "Aphone.BAL", "Aphone.BAL\Aphone.BAL.csproj", "{450BE781-F107-4BDD-B0D2-20830A46128C}"
EndProject
Project("{9A19103F-16F7-4668-BE54-9A1E7A4F7556}") = "Aphone.BAL.Interface", "Aphone.BAL.Interface\Aphone.BAL.Interface.csproj", "{5E757773-7B00-47B3-89E1-9AC38CDCF6D0}"
EndProject
Project("{9A19103F-16F7-4668-BE54-9A1E7A4F7556}") = "Aphone.DAL", "Aphone.DAL\Aphone.DAL.csproj", "{09545178-2B75-4E32-9506-8254F6E64E7B}"
EndProject
Project("{9A19103F-16F7-4668-BE54-9A1E7A4F7556}") = "Aphone.DAL.Interface", "Aphone.DAL.Interface\Aphone.DAL.Interface.csproj", "{462ADB62-8521-42DC-A25A-99AE50161323}"
EndProject
Project("{9A19103F-16F7-4668-BE54-9A1E7A4F7556}") = "Aphone.Domain", "Aphone.Domain\Aphone.Domain.csproj", "{8F49B919-6E70-4576-944C-AD52A6E96DA9}"
EndProject
Project("{9A19103F-16F7-4668-BE54-9A1E7A4F7556}") = "Aphone.web", "..\Project-A-Phone\Aphone\Aphone\Aphone.web.csproj", "{4EEA2320-F198-4545-80D2-659272BEC28B}"
EndProject
Global
	GlobalSection(SolutionConfigurationPlatforms) = preSolution
		Debug|Any CPU = Debug|Any CPU
		Release|Any CPU = Release|Any CPU
	EndGlobalSection
	GlobalSection(ProjectConfigurationPlatforms) = postSolution
		{6689CF50-C865-459E-926A-B362DD4824CB}.Debug|Any CPU.ActiveCfg = Debug|Any CPU
		{6689CF50-C865-459E-926A-B362DD4824CB}.Debug|Any CPU.Build.0 = Debug|Any CPU
		{6689CF50-C865-459E-926A-B362DD4824CB}.Release|Any CPU.ActiveCfg = Release|Any CPU
		{6689CF50-C865-459E-926A-B362DD4824CB}.Release|Any CPU.Build.0 = Release|Any CPU
		{450BE781-F107-4BDD-B0D2-20830A46128C}.Debug|Any CPU.ActiveCfg = Debug|Any CPU
		{450BE781-F107-4BDD-B0D2-20830A46128C}.Debug|Any CPU.Build.0 = Debug|Any CPU
		{450BE781-F107-4BDD-B0D2-20830A46128C}.Release|Any CPU.ActiveCfg = Release|Any CPU
		{450BE781-F107-4BDD-B0D2-20830A46128C}.Release|Any CPU.Build.0 = Release|Any CPU
		{5E757773-7B00-47B3-89E1-9AC38CDCF6D0}.Debug|Any CPU.ActiveCfg = Debug|Any CPU
		{5E757773-7B00-47B3-89E1-9AC38CDCF6D0}.Debug|Any CPU.Build.0 = Debug|Any CPU
		{5E757773-7B00-47B3-89E1-9AC38CDCF6D0}.Release|Any CPU.ActiveCfg = Release|Any CPU
		{5E757773-7B00-47B3-89E1-9AC38CDCF6D0}.Release|Any CPU.Build.0 = Release|Any CPU
		{09545178-2B75-4E32-9506-8254F6E64E7B}.Debug|Any CPU.ActiveCfg = Debug|Any CPU
		{09545178-2B75-4E32-9506-8254F6E64E7B}.Debug|Any CPU.Build.0 = Debug|Any CPU
		{09545178-2B75-4E32-9506-8254F6E64E7B}.Release|Any CPU.ActiveCfg = Release|Any CPU
		{09545178-2B75-4E32-9506-8254F6E64E7B}.Release|Any CPU.Build.0 = Release|Any CPU
		{462ADB62-8521-42DC-A25A-99AE50161323}.Debug|Any CPU.ActiveCfg = Debug|Any CPU
		{462ADB62-8521-42DC-A25A-99AE50161323}.Debug|Any CPU.Build.0 = Debug|Any CPU
		{462ADB62-8521-42DC-A25A-99AE50161323}.Release|Any CPU.ActiveCfg = Release|Any CPU
		{462ADB62-8521-42DC-A25A-99AE50161323}.Release|Any CPU.Build.0 = Release|Any CPU
		{8F49B919-6E70-4576-944C-AD52A6E96DA9}.Debug|Any CPU.ActiveCfg = Debug|Any CPU
		{8F49B919-6E70-4576-944C-AD52A6E96DA9}.Debug|Any CPU.Build.0 = Debug|Any CPU
		{8F49B919-6E70-4576-944C-AD52A6E96DA9}.Release|Any CPU.ActiveCfg = Release|Any CPU
		{8F49B919-6E70-4576-944C-AD52A6E96DA9}.Release|Any CPU.Build.0 = Release|Any CPU
		{4EEA2320-F198-4545-80D2-659272BEC28B}.Debug|Any CPU.ActiveCfg = Debug|Any CPU
		{4EEA2320-F198-4545-80D2-659272BEC28B}.Debug|Any CPU.Build.0 = Debug|Any CPU
		{4EEA2320-F198-4545-80D2-659272BEC28B}.Release|Any CPU.ActiveCfg = Release|Any CPU
		{4EEA2320-F198-4545-80D2-659272BEC28B}.Release|Any CPU.Build.0 = Release|Any CPU
	EndGlobalSection
	GlobalSection(SolutionProperties) = preSolution
		HideSolutionNode = FALSE
	EndGlobalSection
	GlobalSection(ExtensibilityGlobals) = postSolution
		SolutionGuid = {18C4D1C0-1995-441B-9D08-B64208AAC986}
	EndGlobalSection
EndGlobal
